
Microsoft Visual Studio Solution File, Format Version 12.00
# Visual Studio Version 17
VisualStudioVersion = 17.4.33403.182
MinimumVisualStudioVersion = 10.0.40219.1
Project("{FAE04EC0-301F-11D3-BF4B-00C04F79EFBC}") = "MaxLibrary", "MaxLibrary.csproj", "{0BDE143D-03F5-402D-BAE3-2A47974D08EF}"
EndProject
Project("{FAE04EC0-301F-11D3-BF4B-00C04F79EFBC}") = "MaxTest", "..\MaxTest\MaxTest.csproj", "{4F019CC8-7217-4F40-8130-416230ABE377}"
EndProject
Global
	GlobalSection(SolutionConfigurationPlatforms) = preSolution
		Debug|Any CPU = Debug|Any CPU
		Release|Any CPU = Release|Any CPU
	EndGlobalSection
	GlobalSection(ProjectConfigurationPlatforms) = postSolution
		{0BDE143D-03F5-402D-BAE3-2A47974D08EF}.Debug|Any CPU.ActiveCfg = Debug|Any CPU
		{0BDE143D-03F5-402D-BAE3-2A47974D08EF}.Debug|Any CPU.Build.0 = Debug|Any CPU
		{0BDE143D-03F5-402D-BAE3-2A47974D08EF}.Release|Any CPU.ActiveCfg = Release|Any CPU
		{0BDE143D-03F5-402D-BAE3-2A47974D08EF}.Release|Any CPU.Build.0 = Release|Any CPU
		{4F019CC8-7217-4F40-8130-416230ABE377}.Debug|Any CPU.ActiveCfg = Debug|Any CPU
		{4F019CC8-7217-4F40-8130-416230ABE377}.Debug|Any CPU.Build.0 = Debug|Any CPU
		{4F019CC8-7217-4F40-8130-416230ABE377}.Release|Any CPU.ActiveCfg = Release|Any CPU
		{4F019CC8-7217-4F40-8130-416230ABE377}.Release|Any CPU.Build.0 = Release|Any CPU
	EndGlobalSection
	GlobalSection(SolutionProperties) = preSolution
		HideSolutionNode = FALSE
	EndGlobalSection
	GlobalSection(ExtensibilityGlobals) = postSolution
		SolutionGuid = {EF80340D-565D-46D4-A413-428F080A1FB7}
	EndGlobalSection
EndGlobal
